
Microsoft Visual Studio Solution File, Format Version 12.00
# Visual Studio Version 16
VisualStudioVersion = 16.0.33328.57
MinimumVisualStudioVersion = 10.0.40219.1
Project("{FAE04EC0-301F-11D3-BF4B-00C04F79EFBC}") = "ContactsMgmtAppFinal", "ContactsMgmtAppFinal\ContactsMgmtAppFinal.csproj", "{1B75BA76-2BC8-42B4-B73C-A1DEF999E44D}"
EndProject
Global
	GlobalSection(SolutionConfigurationPlatforms) = preSolution
		Debug|Any CPU = Debug|Any CPU
		Release|Any CPU = Release|Any CPU
	EndGlobalSection
	GlobalSection(ProjectConfigurationPlatforms) = postSolution
		{1B75BA76-2BC8-42B4-B73C-A1DEF999E44D}.Debug|Any CPU.ActiveCfg = Debug|Any CPU
		{1B75BA76-2BC8-42B4-B73C-A1DEF999E44D}.Debug|Any CPU.Build.0 = Debug|Any CPU
		{1B75BA76-2BC8-42B4-B73C-A1DEF999E44D}.Release|Any CPU.ActiveCfg = Release|Any CPU
		{1B75BA76-2BC8-42B4-B73C-A1DEF999E44D}.Release|Any CPU.Build.0 = Release|Any CPU
	EndGlobalSection
	GlobalSection(SolutionProperties) = preSolution
		HideSolutionNode = FALSE
	EndGlobalSection
	GlobalSection(ExtensibilityGlobals) = postSolution
		SolutionGuid = {A02CF28D-ED9F-4107-B7AE-B60995C6E200}
	EndGlobalSection
EndGlobal
